
Microsoft Visual Studio Solution File, Format Version 12.00
# Visual Studio Version 17
VisualStudioVersion = 17.9.34714.143
MinimumVisualStudioVersion = 10.0.40219.1
Project("{9A19103F-16F7-4668-BE54-9A1E7A4F7556}") = "CS02", "CS02\CS02.csproj", "{0D2E34DA-20DD-4511-A77E-60FB4BC66506}"
EndProject
Project("{9A19103F-16F7-4668-BE54-9A1E7A4F7556}") = "CS03", "CS03\CS03.csproj", "{1D4DB676-58ED-4803-9B5E-8C06D2CD238C}"
EndProject
Project("{9A19103F-16F7-4668-BE54-9A1E7A4F7556}") = "CS04", "CS04\CS04.csproj", "{09EBF4D2-DC51-4FAF-9611-9D92B920259B}"
EndProject
Project("{FAE04EC0-301F-11D3-BF4B-00C04F79EFBC}") = "CS05", "CS05\CS05.csproj", "{366DE75D-FF94-4007-93D6-E4FBA507D1C6}"
EndProject
Global
	GlobalSection(SolutionConfigurationPlatforms) = preSolution
		Debug|Any CPU = Debug|Any CPU
		Release|Any CPU = Release|Any CPU
	EndGlobalSection
	GlobalSection(ProjectConfigurationPlatforms) = postSolution
		{0D2E34DA-20DD-4511-A77E-60FB4BC66506}.Debug|Any CPU.ActiveCfg = Debug|Any CPU
		{0D2E34DA-20DD-4511-A77E-60FB4BC66506}.Debug|Any CPU.Build.0 = Debug|Any CPU
		{0D2E34DA-20DD-4511-A77E-60FB4BC66506}.Release|Any CPU.ActiveCfg = Release|Any CPU
		{0D2E34DA-20DD-4511-A77E-60FB4BC66506}.Release|Any CPU.Build.0 = Release|Any CPU
		{1D4DB676-58ED-4803-9B5E-8C06D2CD238C}.Debug|Any CPU.ActiveCfg = Debug|Any CPU
		{1D4DB676-58ED-4803-9B5E-8C06D2CD238C}.Debug|Any CPU.Build.0 = Debug|Any CPU
		{1D4DB676-58ED-4803-9B5E-8C06D2CD238C}.Release|Any CPU.ActiveCfg = Release|Any CPU
		{1D4DB676-58ED-4803-9B5E-8C06D2CD238C}.Release|Any CPU.Build.0 = Release|Any CPU
		{09EBF4D2-DC51-4FAF-9611-9D92B920259B}.Debug|Any CPU.ActiveCfg = Debug|Any CPU
		{09EBF4D2-DC51-4FAF-9611-9D92B920259B}.Debug|Any CPU.Build.0 = Debug|Any CPU
		{09EBF4D2-DC51-4FAF-9611-9D92B920259B}.Release|Any CPU.ActiveCfg = Release|Any CPU
		{09EBF4D2-DC51-4FAF-9611-9D92B920259B}.Release|Any CPU.Build.0 = Release|Any CPU
		{366DE75D-FF94-4007-93D6-E4FBA507D1C6}.Debug|Any CPU.ActiveCfg = Debug|Any CPU
		{366DE75D-FF94-4007-93D6-E4FBA507D1C6}.Debug|Any CPU.Build.0 = Debug|Any CPU
		{366DE75D-FF94-4007-93D6-E4FBA507D1C6}.Release|Any CPU.ActiveCfg = Release|Any CPU
		{366DE75D-FF94-4007-93D6-E4FBA507D1C6}.Release|Any CPU.Build.0 = Release|Any CPU
	EndGlobalSection
	GlobalSection(SolutionProperties) = preSolution
		HideSolutionNode = FALSE
	EndGlobalSection
	GlobalSection(ExtensibilityGlobals) = postSolution
		SolutionGuid = {350BDE3C-0790-4CF4-BC2D-775E695B30E5}
	EndGlobalSection
EndGlobal
